
Microsoft Visual Studio Solution File, Format Version 12.00
# Visual Studio 15
VisualStudioVersion = 15.0.28307.106
MinimumVisualStudioVersion = 10.0.40219.1
Project("{FAE04EC0-301F-11D3-BF4B-00C04F79EFBC}") = "WindowsFormsApp1", "WindowsFormsApp1\WindowsFormsApp1.csproj", "{5E899157-6F1E-4180-89FC-E9AB1EE84EDC}"
EndProject
Global
	GlobalSection(SolutionConfigurationPlatforms) = preSolution
		Debug|Any CPU = Debug|Any CPU
		Release|Any CPU = Release|Any CPU
	EndGlobalSection
	GlobalSection(ProjectConfigurationPlatforms) = postSolution
		{5E899157-6F1E-4180-89FC-E9AB1EE84EDC}.Debug|Any CPU.ActiveCfg = Debug|Any CPU
		{5E899157-6F1E-4180-89FC-E9AB1EE84EDC}.Debug|Any CPU.Build.0 = Debug|Any CPU
		{5E899157-6F1E-4180-89FC-E9AB1EE84EDC}.Release|Any CPU.ActiveCfg = Release|Any CPU
		{5E899157-6F1E-4180-89FC-E9AB1EE84EDC}.Release|Any CPU.Build.0 = Release|Any CPU
	EndGlobalSection
	GlobalSection(SolutionProperties) = preSolution
		HideSolutionNode = FALSE
	EndGlobalSection
	GlobalSection(ExtensibilityGlobals) = postSolution
		SolutionGuid = {59155D0C-DDAD-4724-B4EE-31106BD66826}
	EndGlobalSection
EndGlobal
